Microsoft Visual Studio Solution File, Format Version 12.00
# Visual Studio 2012
Project("{FAE04EC0-301F-11D3-BF4B-00C04F79EFBC}") = "M8a Fight Demo", "M8a Fight Demo.csproj", "{32E331C6-0C45-4B0A-8B89-C70FFE316504}"
EndProject
Global
	GlobalSection(SolutionConfigurationPlatforms) = preSolution
	Debug|Any CPU = Debug|Any CPU
	ExportDebug|Any CPU = ExportDebug|Any CPU
	ExportRelease|Any CPU = ExportRelease|Any CPU
	EndGlobalSection
	GlobalSection(ProjectConfigurationPlatforms) = postSolution
		{32E331C6-0C45-4B0A-8B89-C70FFE316504}.Debug|Any CPU.ActiveCfg = Debug|Any CPU
		{32E331C6-0C45-4B0A-8B89-C70FFE316504}.Debug|Any CPU.Build.0 = Debug|Any CPU
		{32E331C6-0C45-4B0A-8B89-C70FFE316504}.ExportDebug|Any CPU.ActiveCfg = ExportDebug|Any CPU
		{32E331C6-0C45-4B0A-8B89-C70FFE316504}.ExportDebug|Any CPU.Build.0 = ExportDebug|Any CPU
		{32E331C6-0C45-4B0A-8B89-C70FFE316504}.ExportRelease|Any CPU.ActiveCfg = ExportRelease|Any CPU
		{32E331C6-0C45-4B0A-8B89-C70FFE316504}.ExportRelease|Any CPU.Build.0 = ExportRelease|Any CPU
	EndGlobalSection
EndGlobal
